
Microsoft Visual Studio Solution File, Format Version 12.00
# Visual Studio Version 17
VisualStudioVersion = 17.3.32901.215
MinimumVisualStudioVersion = 10.0.40219.1
Project("{9A19103F-16F7-4668-BE54-9A1E7A4F7556}") = "ImageContentRetrieval_v3", "ImageContentRetrieval_v3\ImageContentRetrieval_v3.csproj", "{552CF337-AF37-4177-A44A-39C18CB64B21}"
EndProject
Project("{2150E333-8FDC-42A3-9474-1A3956D46DE8}") = "Solution Items", "Solution Items", "{C4262AB3-1AC3-4973-8F0C-92B7651FDAC0}"
	ProjectSection(SolutionItems) = preProject
		README.md = README.md
	EndProjectSection
EndProject
Global
	GlobalSection(SolutionConfigurationPlatforms) = preSolution
		Debug|Any CPU = Debug|Any CPU
		Release|Any CPU = Release|Any CPU
	EndGlobalSection
	GlobalSection(ProjectConfigurationPlatforms) = postSolution
		{552CF337-AF37-4177-A44A-39C18CB64B21}.Debug|Any CPU.ActiveCfg = Debug|Any CPU
		{552CF337-AF37-4177-A44A-39C18CB64B21}.Debug|Any CPU.Build.0 = Debug|Any CPU
	EndGlobalSection
	GlobalSection(SolutionProperties) = preSolution
		HideSolutionNode = FALSE
	EndGlobalSection
	GlobalSection(ExtensibilityGlobals) = postSolution
		SolutionGuid = {BB5BAFE2-DAF8-440C-8142-F34D62D32B0B}
	EndGlobalSection
EndGlobal
